lockfileVersion: '6.0'

settings:
  autoInstallPeers: true
  excludeLinksFromLockfile: false

dependencies:
  discord.js:
    specifier: ^11.5.1
    version: 11.5.1(@discordjs/uws@10.149.0)
  node-fetch:
    specifier: ^2.6.7
    version: 2.6.7

packages:

  /@discordjs/uws@10.149.0:
    resolution: {integrity: sha512-N1wjoAD2DOgzevqzyTOWTgyO2divX03JWNQx4JHm/jQ/BRzZNkhwVRO3RC5Guww+srdgs4Tw4gwrzlJrlOhq/Q==}
    engines: {node: '>=6.0.0'}
    deprecated: Package no longer supported. Contact Support at https://www.npmjs.com/support for more info.
    requiresBuild: true
    dev: false

  /async-limiter@1.0.1:
    resolution: {integrity: sha512-csOlWGAcRFJaI6m+F2WKdnMKr4HhdhFVBk0H/QbJFMCr+uO2kwohwXQPxw/9OCxp05r5ghVBFSyioixx3gfkNQ==}
    dev: false

  /discord.js@11.5.1(@discordjs/uws@10.149.0):
    resolution: {integrity: sha512-tGhV5xaZXE3Z+4uXJb3hYM6gQ1NmnSxp9PClcsSAYFVRzH6AJH74040mO3afPDMWEAlj8XsoPXXTJHTxesqcGw==}
    engines: {node: '>=6.0.0'}
    peerDependencies:
      '@discordjs/uws': ^10.149.0
      bufferutil: ^4.0.0
      erlpack: discordapp/erlpack
      libsodium-wrappers: ^0.7.3
      node-opus: ^0.2.7
      opusscript: ^0.0.6
      sodium: ^2.0.3
      uws: '*'
    peerDependenciesMeta:
      bufferutil:
        optional: true
      erlpack:
        optional: true
      libsodium-wrappers:
        optional: true
      node-opus:
        optional: true
      opusscript:
        optional: true
      sodium:
        optional: true
      uws:
        optional: true
    dependencies:
      '@discordjs/uws': 10.149.0
      long: 4.0.0
      prism-media: 0.0.3
      snekfetch: 3.6.4
      tweetnacl: 1.0.1
      ws: 6.2.1
    transitivePeerDependencies:
      - utf-8-validate
    dev: false

  /long@4.0.0:
    resolution: {integrity: sha512-XsP+KhQif4bjX1kbuSiySJFNAehNxgLb6hPRGJ9QsUr8ajHkuXGdrHmFUTUUXhDwVX2R5bY4JNZEwbUiMhV+MA==}
    dev: false

  /node-fetch@2.6.7:
    resolution: {integrity: sha512-ZjMPFEfVx5j+y2yF35Kzx5sF7kDzxuDj6ziH4FFbOp87zKDZNx8yExJIb05OGF4Nlt9IHFIMBkRl41VdvcNdbQ==}
    engines: {node: 4.x || >=6.0.0}
    peerDependencies:
      encoding: ^0.1.0
    peerDependenciesMeta:
      encoding:
        optional: true
    dependencies:
      whatwg-url: 5.0.0
    dev: false

  /prism-media@0.0.3:
    resolution: {integrity: sha512-c9KkNifSMU/iXT8FFTaBwBMr+rdVcN+H/uNv1o+CuFeTThNZNTOrQ+RgXA1yL/DeLk098duAeRPP3QNPNbhxYQ==}
    dev: false

  /snekfetch@3.6.4:
    resolution: {integrity: sha512-NjxjITIj04Ffqid5lqr7XdgwM7X61c/Dns073Ly170bPQHLm6jkmelye/eglS++1nfTWktpP6Y2bFXjdPlQqdw==}
    deprecated: use node-fetch instead
    dev: false

  /tr46@0.0.3:
    resolution: {integrity: sha512-N3WMsuqV66lT30CrXNbEjx4GEwlow3v6rr4mCcv6prnfwhS01rkgyFdjPNBYd9br7LpXV1+Emh01fHnq2Gdgrw==}
    dev: false

  /tweetnacl@1.0.1:
    resolution: {integrity: sha512-kcoMoKTPYnoeS50tzoqjPY3Uv9axeuuFAZY9M/9zFnhoVvRfxz9K29IMPD7jGmt2c8SW7i3gT9WqDl2+nV7p4A==}
    dev: false

  /webidl-conversions@3.0.1:
    resolution: {integrity: sha512-2JAn3z8AR6rjK8Sm8orRC0h/bcl/DqL7tRPdGZ4I1CjdF+EaMLmYxBHyXuKL849eucPFhvBoxMsflfOb8kxaeQ==}
    dev: false

  /whatwg-url@5.0.0:
    resolution: {integrity: sha512-saE57nupxk6v3HY35+jzBwYa0rKSy0XR8JSxZPwgLr7ys0IBzhGviA1/TUGJLmSVqs8pb9AnvICXEuOHLprYTw==}
    dependencies:
      tr46: 0.0.3
      webidl-conversions: 3.0.1
    dev: false

  /ws@6.2.1:
    resolution: {integrity: sha512-GIyAXC2cB7LjvpgMt9EKS2ldqr0MTrORaleiOno6TweZ6r3TKtoFQWay/2PceJ3RuBasOHzXNn5Lrw1X0bEjqA==}
    peerDependencies:
      bufferutil: ^4.0.1
      utf-8-validate: ^5.0.2
    peerDependenciesMeta:
      bufferutil:
        optional: true
      utf-8-validate:
        optional: true
    dependencies:
      async-limiter: 1.0.1
    dev: false
